<?xml version="1.0" encoding="utf-8"?>
<Project ToolsVersion="4.0" xmlns="http://schemas.microsoft.com/developer/msbuild/2003">
  <ItemGroup>
    <Filter Include="Header Files">
      <UniqueIdentifier>{93995380-89BD-4b04-88EB-625FBE52EBFB}</UniqueIdentifier>
      <Extensions>h;hh;hpp;hxx;hm;inl;inc;ipp;xsd</Extensions>
    </Filter>
    <Filter Include="Source Files">
      <UniqueIdentifier>{4FC737F1-C7A5-4376-A066-2A32D752A2FF}</UniqueIdentifier>
      <Extensions>cpp;c;cc;cxx;def;odl;idl;hpj;bat;asm;asmx</Extensions>
    </Filter>
  </ItemGroup>
  <ItemGroup>
    <ClCompile Include="src\channel.cpp">
      <Filter>Source Files</Filter>
    </ClCompile>
    <ClCompile Include="src\main.cpp">
      <Filter>Source Files</Filter>
    </ClCompile>
    <ClCompile Include="src\modulator.cpp">
      <Filter>Source Files</Filter>
    </ClCompile>
    <ClCompile Include="src\soundfont.cpp">
      <Filter>Source Files</Filter>
    </ClCompile>
    <ClCompile Include="src\stdafx.cpp">
      <Filter>Source Files</Filter>
    </ClCompile>
    <ClCompile Include="src\voice.cpp">
      <Filter>Source Files</Filter>
    </ClCompile>
    <ClCompile Include="src\stereo_value.cpp">
      <Filter>Source Files</Filter>
    </ClCompile>
    <ClCompile Include="src\synthesizer.cpp">
      <Filter>Source Files</Filter>
    </ClCompile>
    <ClCompile Include="src\conversion.cpp">
      <Filter>Source Files</Filter>
    </ClCompile>
    <ClCompile Include="src\midi_input.cpp">
      <Filter>Source Files</Filter>
    </ClCompile>
    <ClCompile Include="src\audio_output.cpp">
      <Filter>Source Files</Filter>
    </ClCompile>
    <ClCompile Include="src\envelope.cpp">
      <Filter>Source Files</Filter>
    </ClCompile>
  </ItemGroup>
  <ItemGroup>
    <ClInclude Include="include\channel.h">
      <Filter>Header Files</Filter>
    </ClInclude>
    <ClInclude Include="include\envelope.h">
      <Filter>Header Files</Filter>
    </ClInclude>
    <ClInclude Include="include\lfo.h">
      <Filter>Header Files</Filter>
    </ClInclude>
    <ClInclude Include="include\midi.h">
      <Filter>Header Files</Filter>
    </ClInclude>
    <ClInclude Include="include\modulator.h">
      <Filter>Header Files</Filter>
    </ClInclude>
    <ClInclude Include="include\soundfont.h">
      <Filter>Header Files</Filter>
    </ClInclude>
    <ClInclude Include="include\stdafx.h">
      <Filter>Header Files</Filter>
    </ClInclude>
    <ClInclude Include="include\voice.h">
      <Filter>Header Files</Filter>
    </ClInclude>
    <ClInclude Include="include\ring_buffer.h">
      <Filter>Header Files</Filter>
    </ClInclude>
    <ClInclude Include="include\fixed_point.h">
      <Filter>Header Files</Filter>
    </ClInclude>
    <ClInclude Include="include\stereo_value.h">
      <Filter>Header Files</Filter>
    </ClInclude>
    <ClInclude Include="include\soundfont_spec.h">
      <Filter>Header Files</Filter>
    </ClInclude>
    <ClInclude Include="include\synthesizer.h">
      <Filter>Header Files</Filter>
    </ClInclude>
    <ClInclude Include="include\conversion.h">
      <Filter>Header Files</Filter>
    </ClInclude>
    <ClInclude Include="include\midi_input.h">
      <Filter>Header Files</Filter>
    </ClInclude>
    <ClInclude Include="include\audio_output.h">
      <Filter>Header Files</Filter>
    </ClInclude>
  </ItemGroup>
</Project>