<?xml version="1.0" encoding="utf-8"?>
<Project ToolsVersion="4.0" xmlns="http://schemas.microsoft.com/developer/msbuild/2003">
  <ItemGroup>
    <Filter Include="Header Files">
      <UniqueIdentifier>{93995380-89BD-4b04-88EB-625FBE52EBFB}</UniqueIdentifier>
      <Extensions>h;hh;hpp;hxx;hm;inl;inc;ipp;xsd</Extensions>
    </Filter>
    <Filter Include="Source Files">
      <UniqueIdentifier>{4FC737F1-C7A5-4376-A066-2A32D752A2FF}</UniqueIdentifier>
      <Extensions>cpp;c;cc;cxx;def;odl;idl;hpj;bat;asm;asmx</Extensions>
    </Filter>
  </ItemGroup>
  <ItemGroup>
    <ClCompile Include="src\channel.cpp">
      <Filter>Source Files</Filter>
    </ClCompile>
    <ClCompile Include="src\conv.cpp">
      <Filter>Source Files</Filter>
    </ClCompile>
    <ClCompile Include="src\main.cpp">
      <Filter>Source Files</Filter>
    </ClCompile>
    <ClCompile Include="src\modulator.cpp">
      <Filter>Source Files</Filter>
    </ClCompile>
    <ClCompile Include="src\soundfont.cpp">
      <Filter>Source Files</Filter>
    </ClCompile>
    <ClCompile Include="src\stdafx.cpp">
      <Filter>Source Files</Filter>
    </ClCompile>
    <ClCompile Include="src\stereovalue.cpp">
      <Filter>Source Files</Filter>
    </ClCompile>
    <ClCompile Include="src\synth.cpp">
      <Filter>Source Files</Filter>
    </ClCompile>
    <ClCompile Include="src\voice.cpp">
      <Filter>Source Files</Filter>
    </ClCompile>
  </ItemGroup>
  <ItemGroup>
    <ClInclude Include="include\channel.h">
      <Filter>Header Files</Filter>
    </ClInclude>
    <ClInclude Include="include\conv.h">
      <Filter>Header Files</Filter>
    </ClInclude>
    <ClInclude Include="include\envelope.h">
      <Filter>Header Files</Filter>
    </ClInclude>
    <ClInclude Include="include\fixedpoint.h">
      <Filter>Header Files</Filter>
    </ClInclude>
    <ClInclude Include="include\lfo.h">
      <Filter>Header Files</Filter>
    </ClInclude>
    <ClInclude Include="include\midi.h">
      <Filter>Header Files</Filter>
    </ClInclude>
    <ClInclude Include="include\modulator.h">
      <Filter>Header Files</Filter>
    </ClInclude>
    <ClInclude Include="include\ringbuffer.h">
      <Filter>Header Files</Filter>
    </ClInclude>
    <ClInclude Include="include\sfspec.h">
      <Filter>Header Files</Filter>
    </ClInclude>
    <ClInclude Include="include\soundfont.h">
      <Filter>Header Files</Filter>
    </ClInclude>
    <ClInclude Include="include\stdafx.h">
      <Filter>Header Files</Filter>
    </ClInclude>
    <ClInclude Include="include\stereovalue.h">
      <Filter>Header Files</Filter>
    </ClInclude>
    <ClInclude Include="include\synth.h">
      <Filter>Header Files</Filter>
    </ClInclude>
    <ClInclude Include="include\voice.h">
      <Filter>Header Files</Filter>
    </ClInclude>
  </ItemGroup>
</Project>